// !$*UTF8*$!
{
	archiveVersion = 1;
	classes = {
	};
	objectVersion = 46;
	objects = {

/* Begin PBXBuildFile section */
		1333152B1C09A63800DAC59E /* main.m in Sources */ = {isa = PBXBuildFile; fileRef = 1333152A1C09A63800DAC59E /* main.m */; };
		1333152E1C09A63800DAC59E /* AppDelegate.m in Sources */ = {isa = PBXBuildFile; fileRef = 1333152D1C09A63800DAC59E /* AppDelegate.m */; };
		133315311C09A63800DAC59E /* ViewController.m in Sources */ = {isa = PBXBuildFile; fileRef = 133315301C09A63800DAC59E /* ViewController.m */; };
		133315341C09A63800DAC59E /* Main.storyboard in Resources */ = {isa = PBXBuildFile; fileRef = 133315321C09A63800DAC59E /* Main.storyboard */; };
		133315471C09A63900DAC59E /* ScanCodeTests.m in Sources */ = {isa = PBXBuildFile; fileRef = 133315461C09A63900DAC59E /* ScanCodeTests.m */; };
		133315521C09A63900DAC59E /* ScanCodeUITests.m in Sources */ = {isa = PBXBuildFile; fileRef = 133315511C09A63900DAC59E /* ScanCodeUITests.m */; };
		133AC8851C1BC8FB000323B0 /* SYQRCodeViewController.m in Sources */ = {isa = PBXBuildFile; fileRef = 137CB3AB1C17131900ED495B /* SYQRCodeViewController.m */; };
		133AC88B1C1BCEF8000323B0 /* down_dark.png in Resources */ = {isa = PBXBuildFile; fileRef = 133AC8871C1BCEF8000323B0 /* down_dark.png */; };
		133AC88C1C1BCEF8000323B0 /* DropDownListView.m in Sources */ = {isa = PBXBuildFile; fileRef = 133AC88A1C1BCEF8000323B0 /* DropDownListView.m */; };
		133AC89B1C1BDDC2000323B0 /* RICodeManager.m in Sources */ = {isa = PBXBuildFile; fileRef = 133AC8991C1BDDC2000323B0 /* RICodeManager.m */; };
		135109EF1C19D8E100B37AE3 /* RIUITableView.m in Sources */ = {isa = PBXBuildFile; fileRef = 13E5DFCA1C18729500E38A10 /* RIUITableView.m */; };
		1374F8321C1BEF9D0000539D /* MCode.m in Sources */ = {isa = PBXBuildFile; fileRef = 1374F8301C1BEF9D0000539D /* MCode.m */; };
		137CB3AC1C17131900ED495B /* SYQRCodeViewController.m in Sources */ = {isa = PBXBuildFile; fileRef = 137CB3AB1C17131900ED495B /* SYQRCodeViewController.m */; };
		137CB3AD1C171AEF00ED495B /* SYQRCodeViewController.h in Sources */ = {isa = PBXBuildFile; fileRef = 137CB3AA1C17131900ED495B /* SYQRCodeViewController.h */; };
		13C8A8491C0A8840007D3BE6 /* Images.xcassets in Resources */ = {isa = PBXBuildFile; fileRef = 13C8A8481C0A8840007D3BE6 /* Images.xcassets */; };
		13E5DFB61C186A2600E38A10 /* UIDevice+AdditionalInfo.m in Sources */ = {isa = PBXBuildFile; fileRef = 77084DC0188E1BA1006C791A /* UIDevice+AdditionalInfo.m */; };
		13E5DFB71C186A2B00E38A10 /* RRKeyChain.m in Sources */ = {isa = PBXBuildFile; fileRef = 77084DC3188E1C87006C791A /* RRKeyChain.m */; };
		13E5DFB81C186A3000E38A10 /* RIUtility.m in Sources */ = {isa = PBXBuildFile; fileRef = 7716BCF7188F697500AB539C /* RIUtility.m */; };
		13E5DFB91C186A3600E38A10 /* RILoginManager.m in Sources */ = {isa = PBXBuildFile; fileRef = 7716BCFA188F6A1D00AB539C /* RILoginManager.m */; };
		13E5DFBA1C186A3D00E38A10 /* RILoggingManager.m in Sources */ = {isa = PBXBuildFile; fileRef = 7716BCFD188F6A7F00AB539C /* RILoggingManager.m */; };
		13E5DFBB1C186A4400E38A10 /* RIDataRequest.m in Sources */ = {isa = PBXBuildFile; fileRef = 7716BD03188F6B2F00AB539C /* RIDataRequest.m */; };
		13E5DFBC1C186A4C00E38A10 /* RIDataSource.m in Sources */ = {isa = PBXBuildFile; fileRef = 7716BD06188F6B8200AB539C /* RIDataSource.m */; };
		13E5DFBD1C186A5800E38A10 /* RIDataSourceRegister.m in Sources */ = {isa = PBXBuildFile; fileRef = 7716BD09188F6BF900AB539C /* RIDataSourceRegister.m */; };
		13E5DFBE1C186A6000E38A10 /* RIRegisteredRequest.m in Sources */ = {isa = PBXBuildFile; fileRef = 7716BD0C188F6C5600AB539C /* RIRegisteredRequest.m */; };
		13E5DFBF1C186A6700E38A10 /* MResult.m in Sources */ = {isa = PBXBuildFile; fileRef = 7716BD12188F6CE800AB539C /* MResult.m */; };
		13E5DFC01C186A6F00E38A10 /* RILoginRequest.m in Sources */ = {isa = PBXBuildFile; fileRef = 7716BD0F188F6CA600AB539C /* RILoginRequest.m */; };
		13E5DFC11C186A7700E38A10 /* MUserLoginInfo.m in Sources */ = {isa = PBXBuildFile; fileRef = 7716BD15188F6D1E00AB539C /* MUserLoginInfo.m */; };
		13E5DFC21C186A8000E38A10 /* MError.m in Sources */ = {isa = PBXBuildFile; fileRef = 7716BD18188F6D5E00AB539C /* MError.m */; };
		13E5DFC31C186A8600E38A10 /* RIDataModel.xcdatamodeld in Sources */ = {isa = PBXBuildFile; fileRef = 7716BD20188F7DB900AB539C /* RIDataModel.xcdatamodeld */; };
		13E5DFC41C186A9200E38A10 /* RISettings.m in Sources */ = {isa = PBXBuildFile; fileRef = 77400289188CEDB700DBCDD2 /* RISettings.m */; };
		13E5DFC61C186EE300E38A10 /* UIKit.framework in Frameworks */ = {isa = PBXBuildFile; fileRef = 772A342F188CC6A40095AAAC /* UIKit.framework */; };
		13E5DFC71C186EF200E38A10 /* CoreData.framework in Frameworks */ = {isa = PBXBuildFile; fileRef = 772A3431188CC6A40095AAAC /* CoreData.framework */; };
		13E5DFC81C186F0500E38A10 /* Foundation.framework in Frameworks */ = {isa = PBXBuildFile; fileRef = 772A342B188CC6A40095AAAC /* Foundation.framework */; };
		13E5DFCD1C18737500E38A10 /* RIUITableView.m in Sources */ = {isa = PBXBuildFile; fileRef = 13E5DFCA1C18729500E38A10 /* RIUITableView.m */; };
		13E5DFD01C1875B400E38A10 /* RIUITableViewCell.m in Sources */ = {isa = PBXBuildFile; fileRef = 13E5DFCF1C1875B400E38A10 /* RIUITableViewCell.m */; };
		13E5DFD11C1875FA00E38A10 /* RIUITableViewCell.m in Sources */ = {isa = PBXBuildFile; fileRef = 13E5DFCF1C1875B400E38A10 /* RIUITableViewCell.m */; };
		7716BCF8188F697500AB539C /* RIUtility.m in Sources */ = {isa = PBXBuildFile; fileRef = 7716BCF7188F697500AB539C /* RIUtility.m */; };
		7716BCFB188F6A1D00AB539C /* RILoginManager.m in Sources */ = {isa = PBXBuildFile; fileRef = 7716BCFA188F6A1D00AB539C /* RILoginManager.m */; };
		7716BCFE188F6A7F00AB539C /* RILoggingManager.m in Sources */ = {isa = PBXBuildFile; fileRef = 7716BCFD188F6A7F00AB539C /* RILoggingManager.m */; };
		7716BD04188F6B2F00AB539C /* RIDataRequest.m in Sources */ = {isa = PBXBuildFile; fileRef = 7716BD03188F6B2F00AB539C /* RIDataRequest.m */; };
		7716BD07188F6B8200AB539C /* RIDataSource.m in Sources */ = {isa = PBXBuildFile; fileRef = 7716BD06188F6B8200AB539C /* RIDataSource.m */; };
		7716BD0A188F6BF900AB539C /* RIDataSourceRegister.m in Sources */ = {isa = PBXBuildFile; fileRef = 7716BD09188F6BF900AB539C /* RIDataSourceRegister.m */; };
		7716BD0D188F6C5600AB539C /* RIRegisteredRequest.m in Sources */ = {isa = PBXBuildFile; fileRef = 7716BD0C188F6C5600AB539C /* RIRegisteredRequest.m */; };
		7716BD10188F6CA600AB539C /* RILoginRequest.m in Sources */ = {isa = PBXBuildFile; fileRef = 7716BD0F188F6CA600AB539C /* RILoginRequest.m */; };
		7716BD13188F6CE800AB539C /* MResult.m in Sources */ = {isa = PBXBuildFile; fileRef = 7716BD12188F6CE800AB539C /* MResult.m */; };
		7716BD16188F6D1E00AB539C /* MUserLoginInfo.m in Sources */ = {isa = PBXBuildFile; fileRef = 7716BD15188F6D1E00AB539C /* MUserLoginInfo.m */; };
		7716BD19188F6D5E00AB539C /* MError.m in Sources */ = {isa = PBXBuildFile; fileRef = 7716BD18188F6D5E00AB539C /* MError.m */; };
		7716BD22188F7DB900AB539C /* RIDataModel.xcdatamodeld in Sources */ = {isa = PBXBuildFile; fileRef = 7716BD20188F7DB900AB539C /* RIDataModel.xcdatamodeld */; };
		7716BD24188F7E8E00AB539C /* MError.plist in Resources */ = {isa = PBXBuildFile; fileRef = 7716BD23188F7E8E00AB539C /* MError.plist */; };
		775222C9188E6D0600BFD62B /* Foundation.framework in Frameworks */ = {isa = PBXBuildFile; fileRef = 772A342B188CC6A40095AAAC /* Foundation.framework */; };
		775222CA188E6D0600BFD62B /* CoreGraphics.framework in Frameworks */ = {isa = PBXBuildFile; fileRef = 772A342D188CC6A40095AAAC /* CoreGraphics.framework */; };
		775222CB188E6D0600BFD62B /* UIKit.framework in Frameworks */ = {isa = PBXBuildFile; fileRef = 772A342F188CC6A40095AAAC /* UIKit.framework */; };
		775222DF188E6D0600BFD62B /* XCTest.framework in Frameworks */ = {isa = PBXBuildFile; fileRef = 772A3449188CC6A50095AAAC /* XCTest.framework */; };
		775222E0188E6D0600BFD62B /* Foundation.framework in Frameworks */ = {isa = PBXBuildFile; fileRef = 772A342B188CC6A40095AAAC /* Foundation.framework */; };
		775222E1188E6D0600BFD62B /* UIKit.framework in Frameworks */ = {isa = PBXBuildFile; fileRef = 772A342F188CC6A40095AAAC /* UIKit.framework */; };
		77A5CE5C188E8E6600744321 /* UIDevice+AdditionalInfo.m in Sources */ = {isa = PBXBuildFile; fileRef = 77084DC0188E1BA1006C791A /* UIDevice+AdditionalInfo.m */; };
		77A5CE5D188E8E6A00744321 /* RRKeyChain.m in Sources */ = {isa = PBXBuildFile; fileRef = 77084DC3188E1C87006C791A /* RRKeyChain.m */; };
		77B887CA188E942900C21C3A /* RISettings.m in Sources */ = {isa = PBXBuildFile; fileRef = 77400289188CEDB700DBCDD2 /* RISettings.m */; };
		E3CCC3087FD4D1DCE57A43DE /* libPods-ScanCode.a in Frameworks */ = {isa = PBXBuildFile; fileRef = A5B5441265EC516F642CFDD1 /* libPods-ScanCode.a */; };
/* End PBXBuildFile section */

/* Begin PBXContainerItemProxy section */
		133315431C09A63900DAC59E /* PBXContainerItemProxy */ = {
			isa = PBXContainerItemProxy;
			containerPortal = 772A3420188CC6A40095AAAC /* Project object */;
			proxyType = 1;
			remoteGlobalIDString = 133315261C09A63800DAC59E;
			remoteInfo = ScanCode;
		};
		1333154E1C09A63900DAC59E /* PBXContainerItemProxy */ = {
			isa = PBXContainerItemProxy;
			containerPortal = 772A3420188CC6A40095AAAC /* Project object */;
			proxyType = 1;
			remoteGlobalIDString = 133315261C09A63800DAC59E;
			remoteInfo = ScanCode;
		};
		775222E2188E6D0600BFD62B /* PBXContainerItemProxy */ = {
			isa = PBXContainerItemProxy;
			containerPortal = 772A3420188CC6A40095AAAC /* Project object */;
			proxyType = 1;
			remoteGlobalIDString = 775222C7188E6D0500BFD62B;
			remoteInfo = RITest;
		};
/* End PBXContainerItemProxy section */

/* Begin PBXFileReference section */
		0947F316356C20E4F2441A8F /* Pods-ScanCode.debug.xcconfig */ = {isa = PBXFileReference; includeInIndex = 1; lastKnownFileType = text.xcconfig; name = "Pods-ScanCode.debug.xcconfig"; path = "Pods/Target Support Files/Pods-ScanCode/Pods-ScanCode.debug.xcconfig"; sourceTree = "<group>"; };
		1333152A1C09A63800DAC59E /* main.m */ = {isa = PBXFileReference; lastKnownFileType = sourcecode.c.objc; path = main.m; sourceTree = "<group>"; };
		1333152C1C09A63800DAC59E /* AppDelegate.h */ = {isa = PBXFileReference; lastKnownFileType = sourcecode.c.h; path = AppDelegate.h; sourceTree = "<group>"; };
		1333152D1C09A63800DAC59E /* AppDelegate.m */ = {isa = PBXFileReference; lastKnownFileType = sourcecode.c.objc; path = AppDelegate.m; sourceTree = "<group>"; };
		1333152F1C09A63800DAC59E /* ViewController.h */ = {isa = PBXFileReference; lastKnownFileType = sourcecode.c.h; path = ViewController.h; sourceTree = "<group>"; };
		133315301C09A63800DAC59E /* ViewController.m */ = {isa = PBXFileReference; lastKnownFileType = sourcecode.c.objc; path = ViewController.m; sourceTree = "<group>"; };
		133315331C09A63800DAC59E /* Base */ = {isa = PBXFileReference; lastKnownFileType = file.storyboard; name = Base; path = Base.lproj/Main.storyboard; sourceTree = "<group>"; };
		133315361C09A63800DAC59E /* ScanCode.xcdatamodel */ = {isa = PBXFileReference; lastKnownFileType = wrapper.xcdatamodel; path = ScanCode.xcdatamodel; sourceTree = "<group>"; };
		1333153D1C09A63800DAC59E /* Info.plist */ = {isa = PBXFileReference; lastKnownFileType = text.plist.xml; path = Info.plist; sourceTree = "<group>"; };
		133315461C09A63900DAC59E /* ScanCodeTests.m */ = {isa = PBXFileReference; lastKnownFileType = sourcecode.c.objc; path = ScanCodeTests.m; sourceTree = "<group>"; };
		133315481C09A63900DAC59E /* Info.plist */ = {isa = PBXFileReference; lastKnownFileType = text.plist.xml; path = Info.plist; sourceTree = "<group>"; };
		133315511C09A63900DAC59E /* ScanCodeUITests.m */ = {isa = PBXFileReference; lastKnownFileType = sourcecode.c.objc; path = ScanCodeUITests.m; sourceTree = "<group>"; };
		133315531C09A63900DAC59E /* Info.plist */ = {isa = PBXFileReference; lastKnownFileType = text.plist.xml; path = Info.plist; sourceTree = "<group>"; };
		133AC8871C1BCEF8000323B0 /* down_dark.png */ = {isa = PBXFileReference; lastKnownFileType = image.png; name = down_dark.png; path = ScanCode/dropDownList/down_dark.png; sourceTree = "<group>"; };
		133AC8881C1BCEF8000323B0 /* DropDownChooseProtocol.h */ = {isa = PBXFileReference; fileEncoding = 4; lastKnownFileType = sourcecode.c.h; name = DropDownChooseProtocol.h; path = ScanCode/dropDownList/DropDownChooseProtocol.h; sourceTree = "<group>"; };
		133AC8891C1BCEF8000323B0 /* DropDownListView.h */ = {isa = PBXFileReference; fileEncoding = 4; lastKnownFileType = sourcecode.c.h; name = DropDownListView.h; path = ScanCode/dropDownList/DropDownListView.h; sourceTree = "<group>"; };
		133AC88A1C1BCEF8000323B0 /* DropDownListView.m */ = {isa = PBXFileReference; fileEncoding = 4; lastKnownFileType = sourcecode.c.objc; name = DropDownListView.m; path = ScanCode/dropDownList/DropDownListView.m; sourceTree = "<group>"; };
		133AC8991C1BDDC2000323B0 /* RICodeManager.m */ = {isa = PBXFileReference; fileEncoding = 4; lastKnownFileType = sourcecode.c.objc; name = RICodeManager.m; path = studyBase/Manager/RICodeManager.m; sourceTree = "<group>"; };
		133AC89D1C1BDE97000323B0 /* RICodeManager.h */ = {isa = PBXFileReference; fileEncoding = 4; lastKnownFileType = sourcecode.c.h; path = RICodeManager.h; sourceTree = "<group>"; };
		1374F82F1C1BEF9D0000539D /* MCode.h */ = {isa = PBXFileReference; fileEncoding = 4; lastKnownFileType = sourcecode.c.h; name = MCode.h; path = Model/MCode.h; sourceTree = "<group>"; };
		1374F8301C1BEF9D0000539D /* MCode.m */ = {isa = PBXFileReference; fileEncoding = 4; lastKnownFileType = sourcecode.c.objc; name = MCode.m; path = Model/MCode.m; sourceTree = "<group>"; };
		137CB3AA1C17131900ED495B /* SYQRCodeViewController.h */ = {isa = PBXFileReference; fileEncoding = 4; lastKnownFileType = sourcecode.c.h; path = SYQRCodeViewController.h; sourceTree = "<group>"; };
		137CB3AB1C17131900ED495B /* SYQRCodeViewController.m */ = {isa = PBXFileReference; fileEncoding = 4; lastKnownFileType = sourcecode.c.objc; path = SYQRCodeViewController.m; sourceTree = "<group>"; };
		13C8A8371C0A8439007D3BE6 /* ScanCode.app */ = {isa = PBXFileReference; explicitFileType = wrapper.application; includeInIndex = 0; path = ScanCode.app; sourceTree = BUILT_PRODUCTS_DIR; };
		13C8A8381C0A8439007D3BE6 /* ScanCodeTests.xctest */ = {isa = PBXFileReference; explicitFileType = wrapper.cfbundle; includeInIndex = 0; path = ScanCodeTests.xctest; sourceTree = BUILT_PRODUCTS_DIR; };
		13C8A8391C0A8439007D3BE6 /* ScanCodeUITests.xctest */ = {isa = PBXFileReference; explicitFileType = wrapper.cfbundle; includeInIndex = 0; path = ScanCodeUITests.xctest; sourceTree = BUILT_PRODUCTS_DIR; };
		13C8A8481C0A8840007D3BE6 /* Images.xcassets */ = {isa = PBXFileReference; lastKnownFileType = folder.assetcatalog; path = Images.xcassets; sourceTree = "<group>"; };
		13E5DFA31C1862D800E38A10 /* RITest.app */ = {isa = PBXFileReference; explicitFileType = wrapper.application; includeInIndex = 0; path = RITest.app; sourceTree = BUILT_PRODUCTS_DIR; };
		13E5DFA41C1862D800E38A10 /* RITestTests.xctest */ = {isa = PBXFileReference; explicitFileType = wrapper.cfbundle; includeInIndex = 0; path = RITestTests.xctest; sourceTree = BUILT_PRODUCTS_DIR; };
		13E5DFC51C186D4E00E38A10 /* ScanCodePch.pch */ = {isa = PBXFileReference; lastKnownFileType = sourcecode.c.h; path = ScanCodePch.pch; sourceTree = "<group>"; };
		13E5DFCA1C18729500E38A10 /* RIUITableView.m */ = {isa = PBXFileReference; fileEncoding = 4; lastKnownFileType = sourcecode.c.objc; name = RIUITableView.m; path = ScanCode/RIUITableView.m; sourceTree = "<group>"; };
		13E5DFCC1C18735400E38A10 /* RIUITableView.h */ = {isa = PBXFileReference; fileEncoding = 4; lastKnownFileType = sourcecode.c.h; path = RIUITableView.h; sourceTree = "<group>"; };
		13E5DFCE1C18756500E38A10 /* RIUITableViewCell.h */ = {isa = PBXFileReference; fileEncoding = 4; lastKnownFileType = sourcecode.c.h; path = RIUITableViewCell.h; sourceTree = "<group>"; };
		13E5DFCF1C1875B400E38A10 /* RIUITableViewCell.m */ = {isa = PBXFileReference; fileEncoding = 4; lastKnownFileType = sourcecode.c.objc; name = RIUITableViewCell.m; path = ScanCode/RIUITableViewCell.m; sourceTree = "<group>"; };
		77084DBF188E1BA1006C791A /* UIDevice+AdditionalInfo.h */ = {isa = PBXFileReference; fileEncoding = 4; lastKnownFileType = sourcecode.c.h; name = "UIDevice+AdditionalInfo.h"; path = "Utilities/UIDevice+AdditionalInfo.h"; sourceTree = "<group>"; };
		77084DC0188E1BA1006C791A /* UIDevice+AdditionalInfo.m */ = {isa = PBXFileReference; fileEncoding = 4; lastKnownFileType = sourcecode.c.objc; name = "UIDevice+AdditionalInfo.m"; path = "Utilities/UIDevice+AdditionalInfo.m"; sourceTree = "<group>"; };
		77084DC2188E1C87006C791A /* RRKeyChain.h */ = {isa = PBXFileReference; fileEncoding = 4; lastKnownFileType = sourcecode.c.h; name = RRKeyChain.h; path = Utilities/RRKeyChain.h; sourceTree = "<group>"; };
		77084DC3188E1C87006C791A /* RRKeyChain.m */ = {isa = PBXFileReference; fileEncoding = 4; lastKnownFileType = sourcecode.c.objc; name = RRKeyChain.m; path = Utilities/RRKeyChain.m; sourceTree = "<group>"; };
		7716BCED188F689400AB539C /* RIGlobalMacros.h */ = {isa = PBXFileReference; fileEncoding = 4; lastKnownFileType = sourcecode.c.h; path = RIGlobalMacros.h; sourceTree = "<group>"; };
		7716BCF0188F68DC00AB539C /* RIPublicHeaders.h */ = {isa = PBXFileReference; fileEncoding = 4; lastKnownFileType = sourcecode.c.h; path = RIPublicHeaders.h; sourceTree = "<group>"; };
		7716BCF3188F691400AB539C /* RIGlobalEnums.h */ = {isa = PBXFileReference; fileEncoding = 4; lastKnownFileType = sourcecode.c.h; path = RIGlobalEnums.h; sourceTree = "<group>"; };
		7716BCF6188F697500AB539C /* RIUtility.h */ = {isa = PBXFileReference; fileEncoding = 4; lastKnownFileType = sourcecode.c.h; name = RIUtility.h; path = Utilities/RIUtility.h; sourceTree = "<group>"; };
		7716BCF7188F697500AB539C /* RIUtility.m */ = {isa = PBXFileReference; fileEncoding = 4; lastKnownFileType = sourcecode.c.objc; name = RIUtility.m; path = Utilities/RIUtility.m; sourceTree = "<group>"; };
		7716BCF9188F6A1D00AB539C /* RILoginManager.h */ = {isa = PBXFileReference; fileEncoding = 4; lastKnownFileType = sourcecode.c.h; name = RILoginManager.h; path = studyBase/Manager/RILoginManager.h; sourceTree = "<group>"; };
		7716BCFA188F6A1D00AB539C /* RILoginManager.m */ = {isa = PBXFileReference; fileEncoding = 4; lastKnownFileType = sourcecode.c.objc; name = RILoginManager.m; path = studyBase/Manager/RILoginManager.m; sourceTree = "<group>"; };
		7716BCFC188F6A7F00AB539C /* RILoggingManager.h */ = {isa = PBXFileReference; fileEncoding = 4; lastKnownFileType = sourcecode.c.h; name = RILoggingManager.h; path = studyBase/Manager/RILoggingManager.h; sourceTree = "<group>"; };
		7716BCFD188F6A7F00AB539C /* RILoggingManager.m */ = {isa = PBXFileReference; fileEncoding = 4; lastKnownFileType = sourcecode.c.objc; name = RILoggingManager.m; path = studyBase/Manager/RILoggingManager.m; sourceTree = "<group>"; };
		7716BCFF188F6AFC00AB539C /* RIDataProtocol.h */ = {isa = PBXFileReference; fileEncoding = 4; lastKnownFileType = sourcecode.c.h; name = RIDataProtocol.h; path = studyBase/DataSource/RIDataProtocol.h; sourceTree = "<group>"; };
		7716BD02188F6B2F00AB539C /* RIDataRequest.h */ = {isa = PBXFileReference; fileEncoding = 4; lastKnownFileType = sourcecode.c.h; name = RIDataRequest.h; path = studyBase/DataSource/RIDataRequest.h; sourceTree = "<group>"; };
		7716BD03188F6B2F00AB539C /* RIDataRequest.m */ = {isa = PBXFileReference; fileEncoding = 4; lastKnownFileType = sourcecode.c.objc; name = RIDataRequest.m; path = studyBase/DataSource/RIDataRequest.m; sourceTree = "<group>"; };
		7716BD05188F6B8200AB539C /* RIDataSource.h */ = {isa = PBXFileReference; fileEncoding = 4; lastKnownFileType = sourcecode.c.h; name = RIDataSource.h; path = studyBase/DataSource/RIDataSource.h; sourceTree = "<group>"; };
		7716BD06188F6B8200AB539C /* RIDataSource.m */ = {isa = PBXFileReference; fileEncoding = 4; lastKnownFileType = sourcecode.c.objc; name = RIDataSource.m; path = studyBase/DataSource/RIDataSource.m; sourceTree = "<group>"; };
		7716BD08188F6BF900AB539C /* RIDataSourceRegister.h */ = {isa = PBXFileReference; fileEncoding = 4; lastKnownFileType = sourcecode.c.h; name = RIDataSourceRegister.h; path = studyBase/DataSource/RIDataSourceRegister.h; sourceTree = "<group>"; };
		7716BD09188F6BF900AB539C /* RIDataSourceRegister.m */ = {isa = PBXFileReference; fileEncoding = 4; lastKnownFileType = sourcecode.c.objc; name = RIDataSourceRegister.m; path = studyBase/DataSource/RIDataSourceRegister.m; sourceTree = "<group>"; };
		7716BD0B188F6C5600AB539C /* RIRegisteredRequest.h */ = {isa = PBXFileReference; fileEncoding = 4; lastKnownFileType = sourcecode.c.h; name = RIRegisteredRequest.h; path = studyBase/DataSource/RIRegisteredRequest.h; sourceTree = "<group>"; };
		7716BD0C188F6C5600AB539C /* RIRegisteredRequest.m */ = {isa = PBXFileReference; fileEncoding = 4; lastKnownFileType = sourcecode.c.objc; name = RIRegisteredRequest.m; path = studyBase/DataSource/RIRegisteredRequest.m; sourceTree = "<group>"; };
		7716BD0E188F6CA600AB539C /* RILoginRequest.h */ = {isa = PBXFileReference; fileEncoding = 4; lastKnownFileType = sourcecode.c.h; name = RILoginRequest.h; path = studyBase/DataSource/request/RILoginRequest.h; sourceTree = "<group>"; };
		7716BD0F188F6CA600AB539C /* RILoginRequest.m */ = {isa = PBXFileReference; fileEncoding = 4; lastKnownFileType = sourcecode.c.objc; name = RILoginRequest.m; path = studyBase/DataSource/request/RILoginRequest.m; sourceTree = "<group>"; };
		7716BD11188F6CE800AB539C /* MResult.h */ = {isa = PBXFileReference; fileEncoding = 4; lastKnownFileType = sourcecode.c.h; name = MResult.h; path = Model/MResult.h; sourceTree = "<group>"; };
		7716BD12188F6CE800AB539C /* MResult.m */ = {isa = PBXFileReference; fileEncoding = 4; lastKnownFileType = sourcecode.c.objc; name = MResult.m; path = Model/MResult.m; sourceTree = "<group>"; };
		7716BD14188F6D1E00AB539C /* MUserLoginInfo.h */ = {isa = PBXFileReference; fileEncoding = 4; lastKnownFileType = sourcecode.c.h; name = MUserLoginInfo.h; path = Model/MUserLoginInfo.h; sourceTree = "<group>"; };
		7716BD15188F6D1E00AB539C /* MUserLoginInfo.m */ = {isa = PBXFileReference; fileEncoding = 4; lastKnownFileType = sourcecode.c.objc; name = MUserLoginInfo.m; path = Model/MUserLoginInfo.m; sourceTree = "<group>"; };
		7716BD17188F6D5E00AB539C /* MError.h */ = {isa = PBXFileReference; fileEncoding = 4; lastKnownFileType = sourcecode.c.h; name = MError.h; path = Model/MError.h; sourceTree = "<group>"; };
		7716BD18188F6D5E00AB539C /* MError.m */ = {isa = PBXFileReference; fileEncoding = 4; lastKnownFileType = sourcecode.c.objc; name = MError.m; path = Model/MError.m; sourceTree = "<group>"; };
		7716BD21188F7DB900AB539C /* RIDataModel.xcdatamodel */ = {isa = PBXFileReference; lastKnownFileType = wrapper.xcdatamodel; path = RIDataModel.xcdatamodel; sourceTree = "<group>"; };
		7716BD23188F7E8E00AB539C /* MError.plist */ = {isa = PBXFileReference; fileEncoding = 4; lastKnownFileType = text.plist.xml; path = MError.plist; sourceTree = "<group>"; };
		772A342B188CC6A40095AAAC /* Foundation.framework */ = {isa = PBXFileReference; lastKnownFileType = wrapper.framework; name = Foundation.framework; path = System/Library/Frameworks/Foundation.framework; sourceTree = SDKROOT; };
		772A342D188CC6A40095AAAC /* CoreGraphics.framework */ = {isa = PBXFileReference; lastKnownFileType = wrapper.framework; name = CoreGraphics.framework; path = System/Library/Frameworks/CoreGraphics.framework; sourceTree = SDKROOT; };
		772A342F188CC6A40095AAAC /* UIKit.framework */ = {isa = PBXFileReference; lastKnownFileType = wrapper.framework; name = UIKit.framework; path = System/Library/Frameworks/UIKit.framework; sourceTree = SDKROOT; };
		772A3431188CC6A40095AAAC /* CoreData.framework */ = {isa = PBXFileReference; lastKnownFileType = wrapper.framework; name = CoreData.framework; path = System/Library/Frameworks/CoreData.framework; sourceTree = SDKROOT; };
		772A3449188CC6A50095AAAC /* XCTest.framework */ = {isa = PBXFileReference; lastKnownFileType = wrapper.framework; name = XCTest.framework; path = Library/Frameworks/XCTest.framework; sourceTree = DEVELOPER_DIR; };
		77400288188CEDB700DBCDD2 /* RISettings.h */ = {isa = PBXFileReference; fileEncoding = 4; lastKnownFileType = sourcecode.c.h; name = RISettings.h; path = studyBase/RISettings.h; sourceTree = "<group>"; };
		77400289188CEDB700DBCDD2 /* RISettings.m */ = {isa = PBXFileReference; fileEncoding = 4; lastKnownFileType = sourcecode.c.objc; name = RISettings.m; path = studyBase/RISettings.m; sourceTree = "<group>"; };
		A2DDB848DB7347AF9C3E7E94 /* libPods-studyBase.a */ = {isa = PBXFileReference; explicitFileType = archive.ar; includeInIndex = 0; path = "libPods-studyBase.a"; sourceTree = BUILT_PRODUCTS_DIR; };
		A5B5441265EC516F642CFDD1 /* libPods-ScanCode.a */ = {isa = PBXFileReference; explicitFileType = archive.ar; includeInIndex = 0; path = "libPods-ScanCode.a"; sourceTree = BUILT_PRODUCTS_DIR; };
		B61EDDA9571A4591BD1B07CA /* libPods-studyBaseTests.a */ = {isa = PBXFileReference; explicitFileType = archive.ar; includeInIndex = 0; path = "libPods-studyBaseTests.a"; sourceTree = BUILT_PRODUCTS_DIR; };
		D87DBD5A278E03FFFD9E4135 /* Pods-ScanCode.release.xcconfig */ = {isa = PBXFileReference; includeInIndex = 1; lastKnownFileType = text.xcconfig; name = "Pods-ScanCode.release.xcconfig"; path = "Pods/Target Support Files/Pods-ScanCode/Pods-ScanCode.release.xcconfig"; sourceTree = "<group>"; };
/* End PBXFileReference section */

/* Begin PBXFrameworksBuildPhase section */
		133315241C09A63800DAC59E /* Frameworks */ = {
			isa = PBXFrameworksBuildPhase;
			buildActionMask = 2147483647;
			files = (
				13E5DFC81C186F0500E38A10 /* Foundation.framework in Frameworks */,
				13E5DFC71C186EF200E38A10 /* CoreData.framework in Frameworks */,
				13E5DFC61C186EE300E38A10 /* UIKit.framework in Frameworks */,
				E3CCC3087FD4D1DCE57A43DE /* libPods-ScanCode.a in Frameworks */,
			);
			runOnlyForDeploymentPostprocessing = 0;
		};
		1333153F1C09A63800DAC59E /* Frameworks */ = {
			isa = PBXFrameworksBuildPhase;
			buildActionMask = 2147483647;
			files = (
			);
			runOnlyForDeploymentPostprocessing = 0;
		};
		1333154A1C09A63900DAC59E /* Frameworks */ = {
			isa = PBXFrameworksBuildPhase;
			buildActionMask = 2147483647;
			files = (
			);
			runOnlyForDeploymentPostprocessing = 0;
		};
		775222C5188E6D0500BFD62B /* Frameworks */ = {
			isa = PBXFrameworksBuildPhase;
			buildActionMask = 2147483647;
			files = (
				775222CA188E6D0600BFD62B /* CoreGraphics.framework in Frameworks */,
				775222CB188E6D0600BFD62B /* UIKit.framework in Frameworks */,
				775222C9188E6D0600BFD62B /* Foundation.framework in Frameworks */,
			);
			runOnlyForDeploymentPostprocessing = 0;
		};
		775222DB188E6D0600BFD62B /* Frameworks */ = {
			isa = PBXFrameworksBuildPhase;
			buildActionMask = 2147483647;
			files = (
				775222DF188E6D0600BFD62B /* XCTest.framework in Frameworks */,
				775222E1188E6D0600BFD62B /* UIKit.framework in Frameworks */,
				775222E0188E6D0600BFD62B /* Foundation.framework in Frameworks */,
			);
			runOnlyForDeploymentPostprocessing = 0;
		};
/* End PBXFrameworksBuildPhase section */

/* Begin PBXGroup section */
		133315281C09A63800DAC59E /* ScanCode */ = {
			isa = PBXGroup;
			children = (
				13C8A8481C0A8840007D3BE6 /* Images.xcassets */,
				1333152C1C09A63800DAC59E /* AppDelegate.h */,
				1333152D1C09A63800DAC59E /* AppDelegate.m */,
				1333152F1C09A63800DAC59E /* ViewController.h */,
				133315301C09A63800DAC59E /* ViewController.m */,
				133315321C09A63800DAC59E /* Main.storyboard */,
				1333153D1C09A63800DAC59E /* Info.plist */,
				133315351C09A63800DAC59E /* ScanCode.xcdatamodeld */,
				133315291C09A63800DAC59E /* Supporting Files */,
			);
			path = ScanCode;
			sourceTree = "<group>";
		};
		133315291C09A63800DAC59E /* Supporting Files */ = {
			isa = PBXGroup;
			children = (
				1333152A1C09A63800DAC59E /* main.m */,
				13E5DFC51C186D4E00E38A10 /* ScanCodePch.pch */,
			);
			name = "Supporting Files";
			sourceTree = "<group>";
		};
		133315451C09A63900DAC59E /* ScanCodeTests */ = {
			isa = PBXGroup;
			children = (
				133315461C09A63900DAC59E /* ScanCodeTests.m */,
				133315481C09A63900DAC59E /* Info.plist */,
			);
			path = ScanCodeTests;
			sourceTree = "<group>";
		};
		133315501C09A63900DAC59E /* ScanCodeUITests */ = {
			isa = PBXGroup;
			children = (
				133315511C09A63900DAC59E /* ScanCodeUITests.m */,
				133315531C09A63900DAC59E /* Info.plist */,
			);
			path = ScanCodeUITests;
			sourceTree = "<group>";
		};
		133AC8861C1BCED7000323B0 /* DropDown */ = {
			isa = PBXGroup;
			children = (
				133AC8871C1BCEF8000323B0 /* down_dark.png */,
				133AC8881C1BCEF8000323B0 /* DropDownChooseProtocol.h */,
				133AC8891C1BCEF8000323B0 /* DropDownListView.h */,
				133AC88A1C1BCEF8000323B0 /* DropDownListView.m */,
			);
			name = DropDown;
			sourceTree = "<group>";
		};
		137CB3A91C1712E800ED495B /* ViewController */ = {
			isa = PBXGroup;
			children = (
				133AC8861C1BCED7000323B0 /* DropDown */,
				137CB3AA1C17131900ED495B /* SYQRCodeViewController.h */,
				137CB3AB1C17131900ED495B /* SYQRCodeViewController.m */,
				13E5DFCA1C18729500E38A10 /* RIUITableView.m */,
				13E5DFCC1C18735400E38A10 /* RIUITableView.h */,
				13E5DFCE1C18756500E38A10 /* RIUITableViewCell.h */,
				13E5DFCF1C1875B400E38A10 /* RIUITableViewCell.m */,
			);
			name = ViewController;
			sourceTree = "<group>";
		};
		4328A640C19E3AFAC4410761 /* Pods */ = {
			isa = PBXGroup;
			children = (
				0947F316356C20E4F2441A8F /* Pods-ScanCode.debug.xcconfig */,
				D87DBD5A278E03FFFD9E4135 /* Pods-ScanCode.release.xcconfig */,
			);
			name = Pods;
			sourceTree = "<group>";
		};
		77084DBE188E1B30006C791A /* Utilities */ = {
			isa = PBXGroup;
			children = (
				77084DBF188E1BA1006C791A /* UIDevice+AdditionalInfo.h */,
				77084DC0188E1BA1006C791A /* UIDevice+AdditionalInfo.m */,
				77084DC2188E1C87006C791A /* RRKeyChain.h */,
				77084DC3188E1C87006C791A /* RRKeyChain.m */,
				7716BCF6188F697500AB539C /* RIUtility.h */,
				7716BCF7188F697500AB539C /* RIUtility.m */,
			);
			name = Utilities;
			sourceTree = "<group>";
		};
		77084DC5188E4FBB006C791A /* DataSource */ = {
			isa = PBXGroup;
			children = (
				7716BCFF188F6AFC00AB539C /* RIDataProtocol.h */,
				7716BD02188F6B2F00AB539C /* RIDataRequest.h */,
				7716BD03188F6B2F00AB539C /* RIDataRequest.m */,
				7716BD05188F6B8200AB539C /* RIDataSource.h */,
				7716BD06188F6B8200AB539C /* RIDataSource.m */,
				7716BD08188F6BF900AB539C /* RIDataSourceRegister.h */,
				7716BD09188F6BF900AB539C /* RIDataSourceRegister.m */,
				7716BD0B188F6C5600AB539C /* RIRegisteredRequest.h */,
				7716BD0C188F6C5600AB539C /* RIRegisteredRequest.m */,
				77084DD3188E5395006C791A /* request */,
			);
			name = DataSource;
			sourceTree = "<group>";
		};
		77084DD3188E5395006C791A /* request */ = {
			isa = PBXGroup;
			children = (
				7716BD0E188F6CA600AB539C /* RILoginRequest.h */,
				7716BD0F188F6CA600AB539C /* RILoginRequest.m */,
			);
			name = request;
			sourceTree = "<group>";
		};
		77084DDA188E55CB006C791A /* Model */ = {
			isa = PBXGroup;
			children = (
				7716BD11188F6CE800AB539C /* MResult.h */,
				7716BD12188F6CE800AB539C /* MResult.m */,
				7716BD14188F6D1E00AB539C /* MUserLoginInfo.h */,
				7716BD15188F6D1E00AB539C /* MUserLoginInfo.m */,
				7716BD17188F6D5E00AB539C /* MError.h */,
				7716BD18188F6D5E00AB539C /* MError.m */,
				7716BD20188F7DB900AB539C /* RIDataModel.xcdatamodeld */,
				1374F82F1C1BEF9D0000539D /* MCode.h */,
				1374F8301C1BEF9D0000539D /* MCode.m */,
			);
			name = Model;
			sourceTree = "<group>";
		};
		77084E10188E5B7A006C791A /* Manager */ = {
			isa = PBXGroup;
			children = (
				7716BCF9188F6A1D00AB539C /* RILoginManager.h */,
				7716BCFA188F6A1D00AB539C /* RILoginManager.m */,
				7716BCFC188F6A7F00AB539C /* RILoggingManager.h */,
				7716BCFD188F6A7F00AB539C /* RILoggingManager.m */,
				133AC8991C1BDDC2000323B0 /* RICodeManager.m */,
				133AC89D1C1BDE97000323B0 /* RICodeManager.h */,
			);
			name = Manager;
			sourceTree = "<group>";
		};
		772A341F188CC6A40095AAAC = {
			isa = PBXGroup;
			children = (
				7716BCF0188F68DC00AB539C /* RIPublicHeaders.h */,
				7716BCF3188F691400AB539C /* RIGlobalEnums.h */,
				7716BCED188F689400AB539C /* RIGlobalMacros.h */,
				137CB3A91C1712E800ED495B /* ViewController */,
				77084DBE188E1B30006C791A /* Utilities */,
				77400253188CE21A00DBCDD2 /* studyBase */,
				133315281C09A63800DAC59E /* ScanCode */,
				133315451C09A63900DAC59E /* ScanCodeTests */,
				133315501C09A63900DAC59E /* ScanCodeUITests */,
				772A342A188CC6A40095AAAC /* Frameworks */,
				4328A640C19E3AFAC4410761 /* Pods */,
				13C8A8371C0A8439007D3BE6 /* ScanCode.app */,
				13C8A8381C0A8439007D3BE6 /* ScanCodeTests.xctest */,
				13C8A8391C0A8439007D3BE6 /* ScanCodeUITests.xctest */,
				13E5DFA31C1862D800E38A10 /* RITest.app */,
				13E5DFA41C1862D800E38A10 /* RITestTests.xctest */,
			);
			sourceTree = "<group>";
		};
		772A342A188CC6A40095AAAC /* Frameworks */ = {
			isa = PBXGroup;
			children = (
				772A342B188CC6A40095AAAC /* Foundation.framework */,
				772A342D188CC6A40095AAAC /* CoreGraphics.framework */,
				772A342F188CC6A40095AAAC /* UIKit.framework */,
				772A3431188CC6A40095AAAC /* CoreData.framework */,
				772A3449188CC6A50095AAAC /* XCTest.framework */,
				A2DDB848DB7347AF9C3E7E94 /* libPods-studyBase.a */,
				B61EDDA9571A4591BD1B07CA /* libPods-studyBaseTests.a */,
				A5B5441265EC516F642CFDD1 /* libPods-ScanCode.a */,
			);
			name = Frameworks;
			sourceTree = "<group>";
		};
		77400253188CE21A00DBCDD2 /* studyBase */ = {
			isa = PBXGroup;
			children = (
				77084E10188E5B7A006C791A /* Manager */,
				77084DC5188E4FBB006C791A /* DataSource */,
				77084DDA188E55CB006C791A /* Model */,
				77400288188CEDB700DBCDD2 /* RISettings.h */,
				77400289188CEDB700DBCDD2 /* RISettings.m */,
				7716BD23188F7E8E00AB539C /* MError.plist */,
			);
			name = studyBase;
			sourceTree = "<group>";
		};
/* End PBXGroup section */

/* Begin PBXNativeTarget section */
		133315261C09A63800DAC59E /* ScanCode */ = {
			isa = PBXNativeTarget;
			buildConfigurationList = 1333155A1C09A63900DAC59E /* Build configuration list for PBXNativeTarget "ScanCode" */;
			buildPhases = (
				85937E3F60A529D1858418F4 /* Check Pods Manifest.lock */,
				133315231C09A63800DAC59E /* Sources */,
				133315241C09A63800DAC59E /* Frameworks */,
				133315251C09A63800DAC59E /* Resources */,
				BAD9FE1CFAD3FFDFDA46E8C1 /* Embed Pods Frameworks */,
				63D642EFF7F543517AF3D59B /* Copy Pods Resources */,
			);
			buildRules = (
			);
			dependencies = (
			);
			name = ScanCode;
			productName = ScanCode;
			productReference = 13C8A8371C0A8439007D3BE6 /* ScanCode.app */;
			productType = "com.apple.product-type.application";
		};
		133315411C09A63800DAC59E /* ScanCodeTests */ = {
			isa = PBXNativeTarget;
			buildConfigurationList = 1333155B1C09A63900DAC59E /* Build configuration list for PBXNativeTarget "ScanCodeTests" */;
			buildPhases = (
				1333153E1C09A63800DAC59E /* Sources */,
				1333153F1C09A63800DAC59E /* Frameworks */,
				133315401C09A63800DAC59E /* Resources */,
			);
			buildRules = (
			);
			dependencies = (
				133315441C09A63900DAC59E /* PBXTargetDependency */,
			);
			name = ScanCodeTests;
			productName = ScanCodeTests;
			productReference = 13C8A8381C0A8439007D3BE6 /* ScanCodeTests.xctest */;
			productType = "com.apple.product-type.bundle.unit-test";
		};
		1333154C1C09A63900DAC59E /* ScanCodeUITests */ = {
			isa = PBXNativeTarget;
			buildConfigurationList = 1333155C1C09A63900DAC59E /* Build configuration list for PBXNativeTarget "ScanCodeUITests" */;
			buildPhases = (
				133315491C09A63900DAC59E /* Sources */,
				1333154A1C09A63900DAC59E /* Frameworks */,
				1333154B1C09A63900DAC59E /* Resources */,
			);
			buildRules = (
			);
			dependencies = (
				1333154F1C09A63900DAC59E /* PBXTargetDependency */,
			);
			name = ScanCodeUITests;
			productName = ScanCodeUITests;
			productReference = 13C8A8391C0A8439007D3BE6 /* ScanCodeUITests.xctest */;
			productType = "com.apple.product-type.bundle.ui-testing";
		};
		775222C7188E6D0500BFD62B /* RITest */ = {
			isa = PBXNativeTarget;
			buildConfigurationList = 775222EC188E6D0600BFD62B /* Build configuration list for PBXNativeTarget "RITest" */;
			buildPhases = (
				F1D59B339E4A427AA1F70379 /* Check Pods Manifest.lock */,
				775222C4188E6D0500BFD62B /* Sources */,
				775222C5188E6D0500BFD62B /* Frameworks */,
				775222C6188E6D0500BFD62B /* Resources */,
				254AD9E8D1284EA0AEBA3EE2 /* Copy Pods Resources */,
				130F387D61CF5DCBB6605B47 /* Embed Pods Frameworks */,
			);
			buildRules = (
			);
			dependencies = (
			);
			name = RITest;
			productName = RITest;
			productReference = 13E5DFA31C1862D800E38A10 /* RITest.app */;
			productType = "com.apple.product-type.application";
		};
		775222DD188E6D0600BFD62B /* RITestTests */ = {
			isa = PBXNativeTarget;
			buildConfigurationList = 775222EF188E6D0600BFD62B /* Build configuration list for PBXNativeTarget "RITestTests" */;
			buildPhases = (
				775222DA188E6D0600BFD62B /* Sources */,
				775222DB188E6D0600BFD62B /* Frameworks */,
				775222DC188E6D0600BFD62B /* Resources */,
			);
			buildRules = (
			);
			dependencies = (
				775222E3188E6D0600BFD62B /* PBXTargetDependency */,
			);
			name = RITestTests;
			productName = RITestTests;
			productReference = 13E5DFA41C1862D800E38A10 /* RITestTests.xctest */;
			productType = "com.apple.product-type.bundle.unit-test";
		};
/* End PBXNativeTarget section */

/* Begin PBXProject section */
		772A3420188CC6A40095AAAC /* Project object */ = {
			isa = PBXProject;
			attributes = {
				CLASSPREFIX = BID;
				LastUpgradeCheck = 0710;
				ORGANIZATIONNAME = renren;
				TargetAttributes = {
					133315261C09A63800DAC59E = {
						CreatedOnToolsVersion = 7.1.1;
						DevelopmentTeam = EGLUV565VE;
					};
					133315411C09A63800DAC59E = {
						CreatedOnToolsVersion = 7.1.1;
						TestTargetID = 133315261C09A63800DAC59E;
					};
					1333154C1C09A63900DAC59E = {
						CreatedOnToolsVersion = 7.1.1;
						TestTargetID = 133315261C09A63800DAC59E;
					};
					775222DD188E6D0600BFD62B = {
						TestTargetID = 775222C7188E6D0500BFD62B;
					};
				};
			};
			buildConfigurationList = 772A3423188CC6A40095AAAC /* Build configuration list for PBXProject "studyBase" */;
			compatibilityVersion = "Xcode 3.2";
			developmentRegion = English;
			hasScannedForEncodings = 0;
			knownRegions = (
				en,
				Base,
			);
			mainGroup = 772A341F188CC6A40095AAAC;
			productRefGroup = 772A341F188CC6A40095AAAC;
			projectDirPath = "";
			projectRoot = "";
			targets = (
				775222C7188E6D0500BFD62B /* RITest */,
				775222DD188E6D0600BFD62B /* RITestTests */,
				133315261C09A63800DAC59E /* ScanCode */,
				133315411C09A63800DAC59E /* ScanCodeTests */,
				1333154C1C09A63900DAC59E /* ScanCodeUITests */,
			);
		};
/* End PBXProject section */

/* Begin PBXResourcesBuildPhase section */
		133315251C09A63800DAC59E /* Resources */ = {
			isa = PBXResourcesBuildPhase;
			buildActionMask = 2147483647;
			files = (
				133315341C09A63800DAC59E /* Main.storyboard in Resources */,
				133AC88B1C1BCEF8000323B0 /* down_dark.png in Resources */,
				13C8A8491C0A8840007D3BE6 /* Images.xcassets in Resources */,
			);
			runOnlyForDeploymentPostprocessing = 0;
		};
		133315401C09A63800DAC59E /* Resources */ = {
			isa = PBXResourcesBuildPhase;
			buildActionMask = 2147483647;
			files = (
			);
			runOnlyForDeploymentPostprocessing = 0;
		};
		1333154B1C09A63900DAC59E /* Resources */ = {
			isa = PBXResourcesBuildPhase;
			buildActionMask = 2147483647;
			files = (
			);
			runOnlyForDeploymentPostprocessing = 0;
		};
		775222C6188E6D0500BFD62B /* Resources */ = {
			isa = PBXResourcesBuildPhase;
			buildActionMask = 2147483647;
			files = (
				7716BD24188F7E8E00AB539C /* MError.plist in Resources */,
			);
			runOnlyForDeploymentPostprocessing = 0;
		};
		775222DC188E6D0600BFD62B /* Resources */ = {
			isa = PBXResourcesBuildPhase;
			buildActionMask = 2147483647;
			files = (
			);
			runOnlyForDeploymentPostprocessing = 0;
		};
/* End PBXResourcesBuildPhase section */

/* Begin PBXShellScriptBuildPhase section */
		130F387D61CF5DCBB6605B47 /* Embed Pods Frameworks */ = {
			isa = PBXShellScriptBuildPhase;
			buildActionMask = 2147483647;
			files = (
			);
			inputPaths = (
			);
			name = "Embed Pods Frameworks";
			outputPaths = (
			);
			runOnlyForDeploymentPostprocessing = 0;
			shellPath = /bin/sh;
			shellScript = "\"${SRCROOT}/Pods/Target Support Files/Pods-RITest/Pods-RITest-frameworks.sh\"\n";
			showEnvVarsInLog = 0;
		};
		254AD9E8D1284EA0AEBA3EE2 /* Copy Pods Resources */ = {
			isa = PBXShellScriptBuildPhase;
			buildActionMask = 2147483647;
			files = (
			);
			inputPaths = (
			);
			name = "Copy Pods Resources";
			outputPaths = (
			);
			runOnlyForDeploymentPostprocessing = 0;
			shellPath = /bin/sh;
			shellScript = "\"${SRCROOT}/Pods/Target Support Files/Pods-RITest/Pods-RITest-resources.sh\"\n";
			showEnvVarsInLog = 0;
		};
		63D642EFF7F543517AF3D59B /* Copy Pods Resources */ = {
			isa = PBXShellScriptBuildPhase;
			buildActionMask = 2147483647;
			files = (
			);
			inputPaths = (
			);
			name = "Copy Pods Resources";
			outputPaths = (
			);
			runOnlyForDeploymentPostprocessing = 0;
			shellPath = /bin/sh;
			shellScript = "\"${SRCROOT}/Pods/Target Support Files/Pods-ScanCode/Pods-ScanCode-resources.sh\"\n";
			showEnvVarsInLog = 0;
		};
		85937E3F60A529D1858418F4 /* Check Pods Manifest.lock */ = {
			isa = PBXShellScriptBuildPhase;
			buildActionMask = 2147483647;
			files = (
			);
			inputPaths = (
			);
			name = "Check Pods Manifest.lock";
			outputPaths = (
			);
			runOnlyForDeploymentPostprocessing = 0;
			shellPath = /bin/sh;
			shellScript = "diff \"${PODS_ROOT}/../Podfile.lock\" \"${PODS_ROOT}/Manifest.lock\" > /dev/null\nif [[ $? != 0 ]] ; then\n    cat << EOM\nerror: The sandbox is not in sync with the Podfile.lock. Run 'pod install' or update your CocoaPods installation.\nEOM\n    exit 1\nfi\n";
			showEnvVarsInLog = 0;
		};
		BAD9FE1CFAD3FFDFDA46E8C1 /* Embed Pods Frameworks */ = {
			isa = PBXShellScriptBuildPhase;
			buildActionMask = 2147483647;
			files = (
			);
			inputPaths = (
			);
			name = "Embed Pods Frameworks";
			outputPaths = (
			);
			runOnlyForDeploymentPostprocessing = 0;
			shellPath = /bin/sh;
			shellScript = "\"${SRCROOT}/Pods/Target Support Files/Pods-ScanCode/Pods-ScanCode-frameworks.sh\"\n";
			showEnvVarsInLog = 0;
		};
		F1D59B339E4A427AA1F70379 /* Check Pods Manifest.lock */ = {
			isa = PBXShellScriptBuildPhase;
			buildActionMask = 2147483647;
			files = (
			);
			inputPaths = (
			);
			name = "Check Pods Manifest.lock";
			outputPaths = (
			);
			runOnlyForDeploymentPostprocessing = 0;
			shellPath = /bin/sh;
			shellScript = "diff \"${PODS_ROOT}/../Podfile.lock\" \"${PODS_ROOT}/Manifest.lock\" > /dev/null\nif [[ $? != 0 ]] ; then\n    cat << EOM\nerror: The sandbox is not in sync with the Podfile.lock. Run 'pod install' or update your CocoaPods installation.\nEOM\n    exit 1\nfi\n";
			showEnvVarsInLog = 0;
		};
/* End PBXShellScriptBuildPhase section */

/* Begin PBXSourcesBuildPhase section */
		133315231C09A63800DAC59E /* Sources */ = {
			isa = PBXSourcesBuildPhase;
			buildActionMask = 2147483647;
			files = (
				133AC8851C1BC8FB000323B0 /* SYQRCodeViewController.m in Sources */,
				1374F8321C1BEF9D0000539D /* MCode.m in Sources */,
				13E5DFD11C1875FA00E38A10 /* RIUITableViewCell.m in Sources */,
				13E5DFCD1C18737500E38A10 /* RIUITableView.m in Sources */,
				133AC88C1C1BCEF8000323B0 /* DropDownListView.m in Sources */,
				13E5DFC41C186A9200E38A10 /* RISettings.m in Sources */,
				13E5DFC31C186A8600E38A10 /* RIDataModel.xcdatamodeld in Sources */,
				13E5DFC21C186A8000E38A10 /* MError.m in Sources */,
				13E5DFC11C186A7700E38A10 /* MUserLoginInfo.m in Sources */,
				13E5DFC01C186A6F00E38A10 /* RILoginRequest.m in Sources */,
				13E5DFBF1C186A6700E38A10 /* MResult.m in Sources */,
				13E5DFBE1C186A6000E38A10 /* RIRegisteredRequest.m in Sources */,
				133AC89B1C1BDDC2000323B0 /* RICodeManager.m in Sources */,
				13E5DFBD1C186A5800E38A10 /* RIDataSourceRegister.m in Sources */,
				13E5DFBC1C186A4C00E38A10 /* RIDataSource.m in Sources */,
				13E5DFBB1C186A4400E38A10 /* RIDataRequest.m in Sources */,
				13E5DFBA1C186A3D00E38A10 /* RILoggingManager.m in Sources */,
				13E5DFB91C186A3600E38A10 /* RILoginManager.m in Sources */,
				13E5DFB81C186A3000E38A10 /* RIUtility.m in Sources */,
				13E5DFB71C186A2B00E38A10 /* RRKeyChain.m in Sources */,
				13E5DFB61C186A2600E38A10 /* UIDevice+AdditionalInfo.m in Sources */,
				133315311C09A63800DAC59E /* ViewController.m in Sources */,
				1333152E1C09A63800DAC59E /* AppDelegate.m in Sources */,
				1333152B1C09A63800DAC59E /* main.m in Sources */,
			);
			runOnlyForDeploymentPostprocessing = 0;
		};
		1333153E1C09A63800DAC59E /* Sources */ = {
			isa = PBXSourcesBuildPhase;
			buildActionMask = 2147483647;
			files = (
				133315471C09A63900DAC59E /* ScanCodeTests.m in Sources */,
			);
			runOnlyForDeploymentPostprocessing = 0;
		};
		133315491C09A63900DAC59E /* Sources */ = {
			isa = PBXSourcesBuildPhase;
			buildActionMask = 2147483647;
			files = (
				133315521C09A63900DAC59E /* ScanCodeUITests.m in Sources */,
			);
			runOnlyForDeploymentPostprocessing = 0;
		};
		775222C4188E6D0500BFD62B /* Sources */ = {
			isa = PBXSourcesBuildPhase;
			buildActionMask = 2147483647;
			files = (
				137CB3AD1C171AEF00ED495B /* SYQRCodeViewController.h in Sources */,
				77B887CA188E942900C21C3A /* RISettings.m in Sources */,
				7716BD19188F6D5E00AB539C /* MError.m in Sources */,
				7716BD0D188F6C5600AB539C /* RIRegisteredRequest.m in Sources */,
				7716BD10188F6CA600AB539C /* RILoginRequest.m in Sources */,
				7716BD13188F6CE800AB539C /* MResult.m in Sources */,
				7716BD22188F7DB900AB539C /* RIDataModel.xcdatamodeld in Sources */,
				7716BD0A188F6BF900AB539C /* RIDataSourceRegister.m in Sources */,
				13E5DFD01C1875B400E38A10 /* RIUITableViewCell.m in Sources */,
				7716BD16188F6D1E00AB539C /* MUserLoginInfo.m in Sources */,
				7716BD04188F6B2F00AB539C /* RIDataRequest.m in Sources */,
				135109EF1C19D8E100B37AE3 /* RIUITableView.m in Sources */,
				77A5CE5D188E8E6A00744321 /* RRKeyChain.m in Sources */,
				77A5CE5C188E8E6600744321 /* UIDevice+AdditionalInfo.m in Sources */,
				7716BCFE188F6A7F00AB539C /* RILoggingManager.m in Sources */,
				137CB3AC1C17131900ED495B /* SYQRCodeViewController.m in Sources */,
				7716BCFB188F6A1D00AB539C /* RILoginManager.m in Sources */,
				7716BD07188F6B8200AB539C /* RIDataSource.m in Sources */,
				7716BCF8188F697500AB539C /* RIUtility.m in Sources */,
			);
			runOnlyForDeploymentPostprocessing = 0;
		};
		775222DA188E6D0600BFD62B /* Sources */ = {
			isa = PBXSourcesBuildPhase;
			buildActionMask = 2147483647;
			files = (
			);
			runOnlyForDeploymentPostprocessing = 0;
		};
/* End PBXSourcesBuildPhase section */

/* Begin PBXTargetDependency section */
		133315441C09A63900DAC59E /* PBXTargetDependency */ = {
			isa = PBXTargetDependency;
			target = 133315261C09A63800DAC59E /* ScanCode */;
			targetProxy = 133315431C09A63900DAC59E /* PBXContainerItemProxy */;
		};
		1333154F1C09A63900DAC59E /* PBXTargetDependency */ = {
			isa = PBXTargetDependency;
			target = 133315261C09A63800DAC59E /* ScanCode */;
			targetProxy = 1333154E1C09A63900DAC59E /* PBXContainerItemProxy */;
		};
		775222E3188E6D0600BFD62B /* PBXTargetDependency */ = {
			isa = PBXTargetDependency;
			target = 775222C7188E6D0500BFD62B /* RITest */;
			targetProxy = 775222E2188E6D0600BFD62B /* PBXContainerItemProxy */;
		};
/* End PBXTargetDependency section */

/* Begin PBXVariantGroup section */
		133315321C09A63800DAC59E /* Main.storyboard */ = {
			isa = PBXVariantGroup;
			children = (
				133315331C09A63800DAC59E /* Base */,
			);
			name = Main.storyboard;
			sourceTree = "<group>";
		};
/* End PBXVariantGroup section */

/* Begin XCBuildConfiguration section */
		133315541C09A63900DAC59E /* Debug */ = {
			isa = XCBuildConfiguration;
			baseConfigurationReference = 0947F316356C20E4F2441A8F /* Pods-ScanCode.debug.xcconfig */;
			buildSettings = {
				ASSETCATALOG_COMPILER_APPICON_NAME = AppIcon;
				CLANG_WARN_UNREACHABLE_CODE = YES;
				CODE_SIGN_IDENTITY = "iPhone Developer";
				DEBUG_INFORMATION_FORMAT = dwarf;
				ENABLE_STRICT_OBJC_MSGSEND = YES;
				ENABLE_TESTABILITY = YES;
				GCC_NO_COMMON_BLOCKS = YES;
				GCC_PREFIX_HEADER = "$(SRCROOT)/ScanCode/ScanCodePch.pch";
				GCC_WARN_UNINITIALIZED_AUTOS = YES_AGGRESSIVE;
				HEADER_SEARCH_PATHS = (
					"$(inherited)/**",
					"\"${PODS_ROOT}/Headers/Public\"/**",
					"\"${PODS_ROOT}/Headers/Public/AFNetworking\"/**",
					"\"${PODS_ROOT}/Headers/Public/Base64nl\"/**",
					"\"${PODS_ROOT}/Headers/Public/CocoaLumberjack\"/**",
					"\"${PODS_ROOT}/Headers/Public/CommonCrypto\"/**",
					"\"${PODS_ROOT}/Headers/Public/GHUnitIOS\"/**",
					"\"${PODS_ROOT}/Headers/Public/JSONModel\"/**",
					"\"${PODS_ROOT}/Headers/Public/MD5Digest\"/**",
					"\"${PODS_ROOT}/Headers/Public/NSData+MD5Digest\"/**",
					"\"${PODS_ROOT}/Headers/Public/OCMock\"/**",
					"\"${PODS_ROOT}/Headers/Public/OLImageView\"/**",
					"\"${PODS_ROOT}/Headers/Public/Reachability\"/**",
					"\"${PODS_ROOT}/Headers/Public/RestKit\"/**",
					"\"${PODS_ROOT}/Headers/Public/SDWebImage\"/**",
					"\"${PODS_ROOT}/Headers/Public/SOCKit\"/**",
					"\"${PODS_ROOT}/Headers/Public/TransitionKit\"/**",
					"\"${PODS_ROOT}/Headers/Public/UIActivityIndicator-for-SDWebImage\"/**",
					"\"${PODS_ROOT}/Headers/Public/UICKeyChainStore\"/**",
				);
				INFOPLIST_FILE = ScanCode/Info.plist;
				IPHONEOS_DEPLOYMENT_TARGET = 7.0;
				LD_RUNPATH_SEARCH_PATHS = "$(inherited) @executable_path/Frameworks";
				MTL_ENABLE_DEBUG_INFO = YES;
				PRODUCT_BUNDLE_IDENTIFIER = hardac.ScanCode;
				PRODUCT_NAME = "$(TARGET_NAME)";
				TARGETED_DEVICE_FAMILY = 1;
			};
			name = Debug;
		};
		133315551C09A63900DAC59E /* Release */ = {
			isa = XCBuildConfiguration;
			baseConfigurationReference = D87DBD5A278E03FFFD9E4135 /* Pods-ScanCode.release.xcconfig */;
			buildSettings = {
				ASSETCATALOG_COMPILER_APPICON_NAME = AppIcon;
				CLANG_WARN_UNREACHABLE_CODE = YES;
				CODE_SIGN_IDENTITY = "iPhone Developer";
				COPY_PHASE_STRIP = NO;
				DEBUG_INFORMATION_FORMAT = "dwarf-with-dsym";
				ENABLE_STRICT_OBJC_MSGSEND = YES;
				GCC_NO_COMMON_BLOCKS = YES;
				GCC_PREFIX_HEADER = "$(SRCROOT)/ScanCode/ScanCodePch.pch";
				GCC_WARN_UNINITIALIZED_AUTOS = YES_AGGRESSIVE;
				HEADER_SEARCH_PATHS = (
					"$(inherited)/**",
					"\"${PODS_ROOT}/Headers/Public\"/**",
					"\"${PODS_ROOT}/Headers/Public/AFNetworking\"/**",
					"\"${PODS_ROOT}/Headers/Public/Base64nl\"/**",
					"\"${PODS_ROOT}/Headers/Public/CocoaLumberjack\"/**",
					"\"${PODS_ROOT}/Headers/Public/CommonCrypto\"/**",
					"\"${PODS_ROOT}/Headers/Public/GHUnitIOS\"/**",
					"\"${PODS_ROOT}/Headers/Public/JSONModel\"/**",
					"\"${PODS_ROOT}/Headers/Public/MD5Digest\"/**",
					"\"${PODS_ROOT}/Headers/Public/NSData+MD5Digest\"/**",
					"\"${PODS_ROOT}/Headers/Public/OCMock\"/**",
					"\"${PODS_ROOT}/Headers/Public/OLImageView\"/**",
					"\"${PODS_ROOT}/Headers/Public/Reachability\"/**",
					"\"${PODS_ROOT}/Headers/Public/RestKit\"/**",
					"\"${PODS_ROOT}/Headers/Public/SDWebImage\"/**",
					"\"${PODS_ROOT}/Headers/Public/SOCKit\"/**",
					"\"${PODS_ROOT}/Headers/Public/TransitionKit\"/**",
					"\"${PODS_ROOT}/Headers/Public/UIActivityIndicator-for-SDWebImage\"/**",
					"\"${PODS_ROOT}/Headers/Public/UICKeyChainStore\"/**",
				);
				INFOPLIST_FILE = ScanCode/Info.plist;
				IPHONEOS_DEPLOYMENT_TARGET = 7.0;
				LD_RUNPATH_SEARCH_PATHS = "$(inherited) @executable_path/Frameworks";
				MTL_ENABLE_DEBUG_INFO = NO;
				PRODUCT_BUNDLE_IDENTIFIER = hardac.ScanCode;
				PRODUCT_NAME = "$(TARGET_NAME)";
				TARGETED_DEVICE_FAMILY = 1;
			};
			name = Release;
		};
		133315561C09A63900DAC59E /* Debug */ = {
			isa = XCBuildConfiguration;
			buildSettings = {
				BUNDLE_LOADER = "$(TEST_HOST)";
				CLANG_WARN_UNREACHABLE_CODE = YES;
				DEBUG_INFORMATION_FORMAT = dwarf;
				ENABLE_STRICT_OBJC_MSGSEND = YES;
				ENABLE_TESTABILITY = YES;
				GCC_NO_COMMON_BLOCKS = YES;
				GCC_WARN_UNINITIALIZED_AUTOS = YES_AGGRESSIVE;
				INFOPLIST_FILE = ScanCodeTests/Info.plist;
				IPHONEOS_DEPLOYMENT_TARGET = 9.1;
				LD_RUNPATH_SEARCH_PATHS = "$(inherited) @executable_path/Frameworks @loader_path/Frameworks";
				MTL_ENABLE_DEBUG_INFO = YES;
				PRODUCT_BUNDLE_IDENTIFIER = hardac.ScanCodeTests;
				PRODUCT_NAME = "$(TARGET_NAME)";
				TEST_HOST = "$(BUILT_PRODUCTS_DIR)/ScanCode.app/ScanCode";
			};
			name = Debug;
		};
		133315571C09A63900DAC59E /* Release */ = {
			isa = XCBuildConfiguration;
			buildSettings = {
				BUNDLE_LOADER = "$(TEST_HOST)";
				CLANG_WARN_UNREACHABLE_CODE = YES;
				COPY_PHASE_STRIP = NO;
				DEBUG_INFORMATION_FORMAT = "dwarf-with-dsym";
				ENABLE_STRICT_OBJC_MSGSEND = YES;
				GCC_NO_COMMON_BLOCKS = YES;
				GCC_WARN_UNINITIALIZED_AUTOS = YES_AGGRESSIVE;
				INFOPLIST_FILE = ScanCodeTests/Info.plist;
				IPHONEOS_DEPLOYMENT_TARGET = 9.1;
				LD_RUNPATH_SEARCH_PATHS = "$(inherited) @executable_path/Frameworks @loader_path/Frameworks";
				MTL_ENABLE_DEBUG_INFO = NO;
				PRODUCT_BUNDLE_IDENTIFIER = hardac.ScanCodeTests;
				PRODUCT_NAME = "$(TARGET_NAME)";
				TEST_HOST = "$(BUILT_PRODUCTS_DIR)/ScanCode.app/ScanCode";
			};
			name = Release;
		};
		133315581C09A63900DAC59E /* Debug */ = {
			isa = XCBuildConfiguration;
			buildSettings = {
				CLANG_WARN_UNREACHABLE_CODE = YES;
				DEBUG_INFORMATION_FORMAT = dwarf;
				ENABLE_STRICT_OBJC_MSGSEND = YES;
				ENABLE_TESTABILITY = YES;
				GCC_NO_COMMON_BLOCKS = YES;
				GCC_WARN_UNINITIALIZED_AUTOS = YES_AGGRESSIVE;
				INFOPLIST_FILE = ScanCodeUITests/Info.plist;
				IPHONEOS_DEPLOYMENT_TARGET = 9.1;
				LD_RUNPATH_SEARCH_PATHS = "$(inherited) @executable_path/Frameworks @loader_path/Frameworks";
				MTL_ENABLE_DEBUG_INFO = YES;
				PRODUCT_BUNDLE_IDENTIFIER = hardac.ScanCodeUITests;
				PRODUCT_NAME = "$(TARGET_NAME)";
				TEST_TARGET_NAME = ScanCode;
				USES_XCTRUNNER = YES;
			};
			name = Debug;
		};
		133315591C09A63900DAC59E /* Release */ = {
			isa = XCBuildConfiguration;
			buildSettings = {
				CLANG_WARN_UNREACHABLE_CODE = YES;
				COPY_PHASE_STRIP = NO;
				DEBUG_INFORMATION_FORMAT = "dwarf-with-dsym";
				ENABLE_STRICT_OBJC_MSGSEND = YES;
				GCC_NO_COMMON_BLOCKS = YES;
				GCC_WARN_UNINITIALIZED_AUTOS = YES_AGGRESSIVE;
				INFOPLIST_FILE = ScanCodeUITests/Info.plist;
				IPHONEOS_DEPLOYMENT_TARGET = 9.1;
				LD_RUNPATH_SEARCH_PATHS = "$(inherited) @executable_path/Frameworks @loader_path/Frameworks";
				MTL_ENABLE_DEBUG_INFO = NO;
				PRODUCT_BUNDLE_IDENTIFIER = hardac.ScanCodeUITests;
				PRODUCT_NAME = "$(TARGET_NAME)";
				TEST_TARGET_NAME = ScanCode;
				USES_XCTRUNNER = YES;
			};
			name = Release;
		};
		772A3458188CC6A50095AAAC /* Debug */ = {
			isa = XCBuildConfiguration;
			buildSettings = {
				ALWAYS_SEARCH_USER_PATHS = NO;
				CLANG_CXX_LANGUAGE_STANDARD = "gnu++0x";
				CLANG_CXX_LIBRARY = "libc++";
				CLANG_ENABLE_MODULES = YES;
				CLANG_ENABLE_OBJC_ARC = YES;
				CLANG_WARN_BOOL_CONVERSION = YES;
				CLANG_WARN_CONSTANT_CONVERSION = YES;
				CLANG_WARN_DIRECT_OBJC_ISA_USAGE = YES_ERROR;
				CLANG_WARN_EMPTY_BODY = YES;
				CLANG_WARN_ENUM_CONVERSION = YES;
				CLANG_WARN_INT_CONVERSION = YES;
				CLANG_WARN_OBJC_ROOT_CLASS = YES_ERROR;
				CLANG_WARN__DUPLICATE_METHOD_MATCH = YES;
				"CODE_SIGN_IDENTITY[sdk=iphoneos*]" = "iPhone Developer";
				COPY_PHASE_STRIP = NO;
				ENABLE_TESTABILITY = YES;
				GCC_C_LANGUAGE_STANDARD = gnu99;
				GCC_DYNAMIC_NO_PIC = NO;
				GCC_OPTIMIZATION_LEVEL = 0;
				GCC_PREPROCESSOR_DEFINITIONS = (
					"DEBUG=1",
					"$(inherited)",
				);
				GCC_SYMBOLS_PRIVATE_EXTERN = NO;
				GCC_WARN_64_TO_32_BIT_CONVERSION = YES;
				GCC_WARN_ABOUT_RETURN_TYPE = YES_ERROR;
				GCC_WARN_UNDECLARED_SELECTOR = YES;
				GCC_WARN_UNINITIALIZED_AUTOS = YES;
				GCC_WARN_UNUSED_FUNCTION = YES;
				GCC_WARN_UNUSED_VARIABLE = YES;
				IPHONEOS_DEPLOYMENT_TARGET = 7.0;
				ONLY_ACTIVE_ARCH = YES;
				SDKROOT = iphoneos;
				TARGETED_DEVICE_FAMILY = 2;
			};
			name = Debug;
		};
		772A3459188CC6A50095AAAC /* Release */ = {
			isa = XCBuildConfiguration;
			buildSettings = {
				ALWAYS_SEARCH_USER_PATHS = NO;
				CLANG_CXX_LANGUAGE_STANDARD = "gnu++0x";
				CLANG_CXX_LIBRARY = "libc++";
				CLANG_ENABLE_MODULES = YES;
				CLANG_ENABLE_OBJC_ARC = YES;
				CLANG_WARN_BOOL_CONVERSION = YES;
				CLANG_WARN_CONSTANT_CONVERSION = YES;
				CLANG_WARN_DIRECT_OBJC_ISA_USAGE = YES_ERROR;
				CLANG_WARN_EMPTY_BODY = YES;
				CLANG_WARN_ENUM_CONVERSION = YES;
				CLANG_WARN_INT_CONVERSION = YES;
				CLANG_WARN_OBJC_ROOT_CLASS = YES_ERROR;
				CLANG_WARN__DUPLICATE_METHOD_MATCH = YES;
				"CODE_SIGN_IDENTITY[sdk=iphoneos*]" = "iPhone Developer";
				COPY_PHASE_STRIP = YES;
				ENABLE_NS_ASSERTIONS = NO;
				GCC_C_LANGUAGE_STANDARD = gnu99;
				GCC_WARN_64_TO_32_BIT_CONVERSION = YES;
				GCC_WARN_ABOUT_RETURN_TYPE = YES_ERROR;
				GCC_WARN_UNDECLARED_SELECTOR = YES;
				GCC_WARN_UNINITIALIZED_AUTOS = YES;
				GCC_WARN_UNUSED_FUNCTION = YES;
				GCC_WARN_UNUSED_VARIABLE = YES;
				IPHONEOS_DEPLOYMENT_TARGET = 7.0;
				SDKROOT = iphoneos;
				TARGETED_DEVICE_FAMILY = 2;
				VALIDATE_PRODUCT = YES;
			};
			name = Release;
		};
		775222ED188E6D0600BFD62B /* Debug */ = {
			isa = XCBuildConfiguration;
			buildSettings = {
				ASSETCATALOG_COMPILER_APPICON_NAME = AppIcon;
				ASSETCATALOG_COMPILER_LAUNCHIMAGE_NAME = LaunchImage;
				GCC_PRECOMPILE_PREFIX_HEADER = YES;
				GCC_PREFIX_HEADER = "RITest/RITest-Prefix.pch";
				GCC_PREPROCESSOR_DEFINITIONS = (
					"DEBUG=1",
					"$(inherited)",
				);
				HEADER_SEARCH_PATHS = (
					"$(inherited)",
					"\"${PODS_ROOT}/Headers/Public\"/**",
					"\"${PODS_ROOT}/Headers/Public/AFNetworking\"/**",
					"\"${PODS_ROOT}/Headers/Public/Base64nl\"/**",
					"\"${PODS_ROOT}/Headers/Public/CocoaLumberjack\"/**",
					"\"${PODS_ROOT}/Headers/Public/CommonCrypto\"/**",
					"\"${PODS_ROOT}/Headers/Public/GHUnitIOS\"/**",
					"\"${PODS_ROOT}/Headers/Public/ISO8601DateFormatterValueTransformer\"/**",
					"\"${PODS_ROOT}/Headers/Public/JSONModel\"/**",
					"\"${PODS_ROOT}/Headers/Public/MD5Digest\"/**",
					"\"${PODS_ROOT}/Headers/Public/NSData+MD5Digest\"/**",
					"\"${PODS_ROOT}/Headers/Public/OCMock\"/**",
					"\"${PODS_ROOT}/Headers/Public/OLImageView\"/**",
					"\"${PODS_ROOT}/Headers/Public/RKValueTransformers\"/**",
					"\"${PODS_ROOT}/Headers/Public/Reachability\"/**",
					"\"${PODS_ROOT}/Headers/Public/RestKit\"/**",
					"\"${PODS_ROOT}/Headers/Public/SDWebImage\"/**",
					"\"${PODS_ROOT}/Headers/Public/SOCKit\"/**",
					"\"${PODS_ROOT}/Headers/Public/TransitionKit\"/**",
					"\"${PODS_ROOT}/Headers/Public/UIActivityIndicator-for-SDWebImage\"/**",
					"\"${PODS_ROOT}/Headers/Public/UICKeyChainStore\"/**",
				);
				INFOPLIST_FILE = "RITest/RITest-Info.plist";
				PRODUCT_NAME = "$(TARGET_NAME)";
				TARGETED_DEVICE_FAMILY = "1,2";
				WRAPPER_EXTENSION = app;
			};
			name = Debug;
		};
		775222EE188E6D0600BFD62B /* Release */ = {
			isa = XCBuildConfiguration;
			buildSettings = {
				ASSETCATALOG_COMPILER_APPICON_NAME = AppIcon;
				ASSETCATALOG_COMPILER_LAUNCHIMAGE_NAME = LaunchImage;
				GCC_PRECOMPILE_PREFIX_HEADER = YES;
				GCC_PREFIX_HEADER = "RITest/RITest-Prefix.pch";
				HEADER_SEARCH_PATHS = (
					"$(inherited)",
					"\"${PODS_ROOT}/Headers/Public\"/**",
					"\"${PODS_ROOT}/Headers/Public/AFNetworking\"/**",
					"\"${PODS_ROOT}/Headers/Public/Base64nl\"/**",
					"\"${PODS_ROOT}/Headers/Public/CocoaLumberjack\"/**",
					"\"${PODS_ROOT}/Headers/Public/CommonCrypto\"/**",
					"\"${PODS_ROOT}/Headers/Public/GHUnitIOS\"/**",
					"\"${PODS_ROOT}/Headers/Public/ISO8601DateFormatterValueTransformer\"/**",
					"\"${PODS_ROOT}/Headers/Public/JSONModel\"/**",
					"\"${PODS_ROOT}/Headers/Public/MD5Digest\"/**",
					"\"${PODS_ROOT}/Headers/Public/NSData+MD5Digest\"/**",
					"\"${PODS_ROOT}/Headers/Public/OCMock\"/**",
					"\"${PODS_ROOT}/Headers/Public/OLImageView\"/**",
					"\"${PODS_ROOT}/Headers/Public/RKValueTransformers\"/**",
					"\"${PODS_ROOT}/Headers/Public/Reachability\"/**",
					"\"${PODS_ROOT}/Headers/Public/RestKit\"/**",
					"\"${PODS_ROOT}/Headers/Public/SDWebImage\"/**",
					"\"${PODS_ROOT}/Headers/Public/SOCKit\"/**",
					"\"${PODS_ROOT}/Headers/Public/TransitionKit\"/**",
					"\"${PODS_ROOT}/Headers/Public/UIActivityIndicator-for-SDWebImage\"/**",
					"\"${PODS_ROOT}/Headers/Public/UICKeyChainStore\"/**",
				);
				INFOPLIST_FILE = "RITest/RITest-Info.plist";
				PRODUCT_NAME = "$(TARGET_NAME)";
				TARGETED_DEVICE_FAMILY = "1,2";
				WRAPPER_EXTENSION = app;
			};
			name = Release;
		};
		775222F0188E6D0600BFD62B /* Debug */ = {
			isa = XCBuildConfiguration;
			buildSettings = {
				BUNDLE_LOADER = "$(BUILT_PRODUCTS_DIR)/RITest.app/RITest";
				FRAMEWORK_SEARCH_PATHS = (
					"$(SDKROOT)/Developer/Library/Frameworks",
					"$(inherited)",
					"$(DEVELOPER_FRAMEWORKS_DIR)",
				);
				GCC_PRECOMPILE_PREFIX_HEADER = YES;
				GCC_PREFIX_HEADER = "RITest/RITest-Prefix.pch";
				GCC_PREPROCESSOR_DEFINITIONS = (
					"DEBUG=1",
					"$(inherited)",
				);
				INFOPLIST_FILE = "RITestTests/RITestTests-Info.plist";
				PRODUCT_NAME = "$(TARGET_NAME)";
				TEST_HOST = "$(BUNDLE_LOADER)";
				WRAPPER_EXTENSION = xctest;
			};
			name = Debug;
		};
		775222F1188E6D0600BFD62B /* Release */ = {
			isa = XCBuildConfiguration;
			buildSettings = {
				BUNDLE_LOADER = "$(BUILT_PRODUCTS_DIR)/RITest.app/RITest";
				FRAMEWORK_SEARCH_PATHS = (
					"$(SDKROOT)/Developer/Library/Frameworks",
					"$(inherited)",
					"$(DEVELOPER_FRAMEWORKS_DIR)",
				);
				GCC_PRECOMPILE_PREFIX_HEADER = YES;
				GCC_PREFIX_HEADER = "RITest/RITest-Prefix.pch";
				INFOPLIST_FILE = "RITestTests/RITestTests-Info.plist";
				PRODUCT_NAME = "$(TARGET_NAME)";
				TEST_HOST = "$(BUNDLE_LOADER)";
				WRAPPER_EXTENSION = xctest;
			};
			name = Release;
		};
/* End XCBuildConfiguration section */

/* Begin XCConfigurationList section */
		1333155A1C09A63900DAC59E /* Build configuration list for PBXNativeTarget "ScanCode" */ = {
			isa = XCConfigurationList;
			buildConfigurations = (
				133315541C09A63900DAC59E /* Debug */,
				133315551C09A63900DAC59E /* Release */,
			);
			defaultConfigurationIsVisible = 0;
			defaultConfigurationName = Release;
		};
		1333155B1C09A63900DAC59E /* Build configuration list for PBXNativeTarget "ScanCodeTests" */ = {
			isa = XCConfigurationList;
			buildConfigurations = (
				133315561C09A63900DAC59E /* Debug */,
				133315571C09A63900DAC59E /* Release */,
			);
			defaultConfigurationIsVisible = 0;
			defaultConfigurationName = Release;
		};
		1333155C1C09A63900DAC59E /* Build configuration list for PBXNativeTarget "ScanCodeUITests" */ = {
			isa = XCConfigurationList;
			buildConfigurations = (
				133315581C09A63900DAC59E /* Debug */,
				133315591C09A63900DAC59E /* Release */,
			);
			defaultConfigurationIsVisible = 0;
			defaultConfigurationName = Release;
		};
		772A3423188CC6A40095AAAC /* Build configuration list for PBXProject "studyBase" */ = {
			isa = XCConfigurationList;
			buildConfigurations = (
				772A3458188CC6A50095AAAC /* Debug */,
				772A3459188CC6A50095AAAC /* Release */,
			);
			defaultConfigurationIsVisible = 0;
			defaultConfigurationName = Release;
		};
		775222EC188E6D0600BFD62B /* Build configuration list for PBXNativeTarget "RITest" */ = {
			isa = XCConfigurationList;
			buildConfigurations = (
				775222ED188E6D0600BFD62B /* Debug */,
				775222EE188E6D0600BFD62B /* Release */,
			);
			defaultConfigurationIsVisible = 0;
			defaultConfigurationName = Release;
		};
		775222EF188E6D0600BFD62B /* Build configuration list for PBXNativeTarget "RITestTests" */ = {
			isa = XCConfigurationList;
			buildConfigurations = (
				775222F0188E6D0600BFD62B /* Debug */,
				775222F1188E6D0600BFD62B /* Release */,
			);
			defaultConfigurationIsVisible = 0;
			defaultConfigurationName = Release;
		};
/* End XCConfigurationList section */

/* Begin XCVersionGroup section */
		133315351C09A63800DAC59E /* ScanCode.xcdatamodeld */ = {
			isa = XCVersionGroup;
			children = (
				133315361C09A63800DAC59E /* ScanCode.xcdatamodel */,
			);
			currentVersion = 133315361C09A63800DAC59E /* ScanCode.xcdatamodel */;
			path = ScanCode.xcdatamodeld;
			sourceTree = "<group>";
			versionGroupType = wrapper.xcdatamodel;
		};
		7716BD20188F7DB900AB539C /* RIDataModel.xcdatamodeld */ = {
			isa = XCVersionGroup;
			children = (
				7716BD21188F7DB900AB539C /* RIDataModel.xcdatamodel */,
			);
			currentVersion = 7716BD21188F7DB900AB539C /* RIDataModel.xcdatamodel */;
			path = RIDataModel.xcdatamodeld;
			sourceTree = "<group>";
			versionGroupType = wrapper.xcdatamodel;
		};
/* End XCVersionGroup section */
	};
	rootObject = 772A3420188CC6A40095AAAC /* Project object */;
}
